
Microsoft Visual Studio Solution File, Format Version 12.00
# Visual Studio Version 17
VisualStudioVersion = 17.7.34009.444
MinimumVisualStudioVersion = 10.0.40219.1
Project("{FAE04EC0-301F-11D3-BF4B-00C04F79EFBC}") = "FizzBuzz", "FizzBuzz\FizzBuzz.csproj", "{78A6E377-9D8B-4E63-8617-785CA014585C}"
EndProject
Global
	GlobalSection(SolutionConfigurationPlatforms) = preSolution
		Debug|Any CPU = Debug|Any CPU
		Release|Any CPU = Release|Any CPU
	EndGlobalSection
	GlobalSection(ProjectConfigurationPlatforms) = postSolution
		{78A6E377-9D8B-4E63-8617-785CA014585C}.Debug|Any CPU.ActiveCfg = Debug|Any CPU
		{78A6E377-9D8B-4E63-8617-785CA014585C}.Debug|Any CPU.Build.0 = Debug|Any CPU
		{78A6E377-9D8B-4E63-8617-785CA014585C}.Release|Any CPU.ActiveCfg = Release|Any CPU
		{78A6E377-9D8B-4E63-8617-785CA014585C}.Release|Any CPU.Build.0 = Release|Any CPU
	EndGlobalSection
	GlobalSection(SolutionProperties) = preSolution
		HideSolutionNode = FALSE
	EndGlobalSection
	GlobalSection(ExtensibilityGlobals) = postSolution
		SolutionGuid = {4B3D9181-605D-42F4-8659-0E4F21F715CC}
	EndGlobalSection
EndGlobal
